
Microsoft Visual Studio Solution File, Format Version 12.00
# Visual Studio 15
Project("{FAE04EC0-301F-11D3-BF4B-00C04F79EFBC}") = "Assembly-CSharp-firstpass", "Assembly-CSharp-firstpass.csproj", "{18C29814-13E6-BFBF-9997-0D34F6DFFEC2}"
EndProject
Project("{FAE04EC0-301F-11D3-BF4B-00C04F79EFBC}") = "Assembly-CSharp", "Assembly-CSharp.csproj", "{71BC40CD-2FC3-80EF-66DA-14799DCA3E4B}"
EndProject
Project("{FAE04EC0-301F-11D3-BF4B-00C04F79EFBC}") = "Assembly-CSharp-Editor-firstpass", "Assembly-CSharp-Editor-firstpass.csproj", "{82A46C0D-13EC-10D6-33A8-6E8EE5F31D60}"
EndProject
Project("{FAE04EC0-301F-11D3-BF4B-00C04F79EFBC}") = "Assembly-CSharp-Editor", "Assembly-CSharp-Editor.csproj", "{F41749AC-FC50-93E4-EB6A-8F2C3D1DE45F}"
EndProject
Global
	GlobalSection(SolutionConfigurationPlatforms) = preSolution
		Debug|Any CPU = Debug|Any CPU
		Release|Any CPU = Release|Any CPU
	EndGlobalSection
	GlobalSection(ProjectConfigurationPlatforms) = postSolution
		{18C29814-13E6-BFBF-9997-0D34F6DFFEC2}.Debug|Any CPU.ActiveCfg = Debug|Any CPU
		{18C29814-13E6-BFBF-9997-0D34F6DFFEC2}.Debug|Any CPU.Build.0 = Debug|Any CPU
		{18C29814-13E6-BFBF-9997-0D34F6DFFEC2}.Release|Any CPU.ActiveCfg = Release|Any CPU
		{18C29814-13E6-BFBF-9997-0D34F6DFFEC2}.Release|Any CPU.Build.0 = Release|Any CPU
		{71BC40CD-2FC3-80EF-66DA-14799DCA3E4B}.Debug|Any CPU.ActiveCfg = Debug|Any CPU
		{71BC40CD-2FC3-80EF-66DA-14799DCA3E4B}.Debug|Any CPU.Build.0 = Debug|Any CPU
		{71BC40CD-2FC3-80EF-66DA-14799DCA3E4B}.Release|Any CPU.ActiveCfg = Release|Any CPU
		{71BC40CD-2FC3-80EF-66DA-14799DCA3E4B}.Release|Any CPU.Build.0 = Release|Any CPU
		{82A46C0D-13EC-10D6-33A8-6E8EE5F31D60}.Debug|Any CPU.ActiveCfg = Debug|Any CPU
		{82A46C0D-13EC-10D6-33A8-6E8EE5F31D60}.Debug|Any CPU.Build.0 = Debug|Any CPU
		{82A46C0D-13EC-10D6-33A8-6E8EE5F31D60}.Release|Any CPU.ActiveCfg = Release|Any CPU
		{82A46C0D-13EC-10D6-33A8-6E8EE5F31D60}.Release|Any CPU.Build.0 = Release|Any CPU
		{F41749AC-FC50-93E4-EB6A-8F2C3D1DE45F}.Debug|Any CPU.ActiveCfg = Debug|Any CPU
		{F41749AC-FC50-93E4-EB6A-8F2C3D1DE45F}.Debug|Any CPU.Build.0 = Debug|Any CPU
		{F41749AC-FC50-93E4-EB6A-8F2C3D1DE45F}.Release|Any CPU.ActiveCfg = Release|Any CPU
		{F41749AC-FC50-93E4-EB6A-8F2C3D1DE45F}.Release|Any CPU.Build.0 = Release|Any CPU
	EndGlobalSection
	GlobalSection(SolutionProperties) = preSolution
		HideSolutionNode = FALSE
	EndGlobalSection
EndGlobal
